
Microsoft Visual Studio Solution File, Format Version 12.00
# Visual Studio Version 17
VisualStudioVersion = 17.2.32630.192
MinimumVisualStudioVersion = 10.0.40219.1
Project("{8BC9CEB8-8B4A-11D0-8D11-00A0C91BC942}") = "opos-com-proxy-client64", "opos-com-proxy-client64\opos-com-proxy-client64.vcxproj", "{98683B3C-EAF5-4284-B6B4-5E2E38C34DF7}"
EndProject
Global
	GlobalSection(SolutionConfigurationPlatforms) = preSolution
		Debug|x64 = Debug|x64
		Debug|x86 = Debug|x86
		Release|x64 = Release|x64
		Release|x86 = Release|x86
	EndGlobalSection
	GlobalSection(ProjectConfigurationPlatforms) = postSolution
		{98683B3C-EAF5-4284-B6B4-5E2E38C34DF7}.Debug|x64.ActiveCfg = Debug|x64
		{98683B3C-EAF5-4284-B6B4-5E2E38C34DF7}.Debug|x64.Build.0 = Debug|x64
		{98683B3C-EAF5-4284-B6B4-5E2E38C34DF7}.Debug|x86.ActiveCfg = Debug|Win32
		{98683B3C-EAF5-4284-B6B4-5E2E38C34DF7}.Debug|x86.Build.0 = Debug|Win32
		{98683B3C-EAF5-4284-B6B4-5E2E38C34DF7}.Release|x64.ActiveCfg = Release|x64
		{98683B3C-EAF5-4284-B6B4-5E2E38C34DF7}.Release|x64.Build.0 = Release|x64
		{98683B3C-EAF5-4284-B6B4-5E2E38C34DF7}.Release|x86.ActiveCfg = Release|Win32
		{98683B3C-EAF5-4284-B6B4-5E2E38C34DF7}.Release|x86.Build.0 = Release|Win32
	EndGlobalSection
	GlobalSection(SolutionProperties) = preSolution
		HideSolutionNode = FALSE
	EndGlobalSection
	GlobalSection(ExtensibilityGlobals) = postSolution
		SolutionGuid = {8CDDA6C0-4156-42CD-8F99-1C2CAEB3D12B}
	EndGlobalSection
EndGlobal
